
Microsoft Visual Studio Solution File, Format Version 12.00
# Visual Studio Version 17
VisualStudioVersion = 17.14.36127.28 d17.14
MinimumVisualStudioVersion = 10.0.40219.1
Project("{FAE04EC0-301F-11D3-BF4B-00C04F79EFBC}") = "QuizGame", "QuizGame\QuizGame.csproj", "{CC206313-C2AE-4562-A8A5-69FB960947CB}"
EndProject
Project("{2150E333-8FDC-42A3-9474-1A3956D46DE8}") = "ソリューション項目", "ソリューション項目", "{2022CB0F-8BAF-F49E-0C48-8EF4C96EC109}"
	ProjectSection(SolutionItems) = preProject
		..\..\..\Pictures\UnityDefaultSky.png = ..\..\..\Pictures\UnityDefaultSky.png
	EndProjectSection
EndProject
Project("{2150E333-8FDC-42A3-9474-1A3956D46DE8}") = "Images", "Images", "{DDB4EF12-CC4E-5E88-E6FC-71A802F4DE97}"
	ProjectSection(SolutionItems) = preProject
		..\..\..\Pictures\UnityDefaultSky.png = ..\..\..\Pictures\UnityDefaultSky.png
	EndProjectSection
EndProject
Global
	GlobalSection(SolutionConfigurationPlatforms) = preSolution
		Debug|Any CPU = Debug|Any CPU
		Release|Any CPU = Release|Any CPU
	EndGlobalSection
	GlobalSection(ProjectConfigurationPlatforms) = postSolution
		{CC206313-C2AE-4562-A8A5-69FB960947CB}.Debug|Any CPU.ActiveCfg = Debug|Any CPU
		{CC206313-C2AE-4562-A8A5-69FB960947CB}.Debug|Any CPU.Build.0 = Debug|Any CPU
		{CC206313-C2AE-4562-A8A5-69FB960947CB}.Release|Any CPU.ActiveCfg = Release|Any CPU
		{CC206313-C2AE-4562-A8A5-69FB960947CB}.Release|Any CPU.Build.0 = Release|Any CPU
	EndGlobalSection
	GlobalSection(SolutionProperties) = preSolution
		HideSolutionNode = FALSE
	EndGlobalSection
	GlobalSection(NestedProjects) = preSolution
		{DDB4EF12-CC4E-5E88-E6FC-71A802F4DE97} = {2022CB0F-8BAF-F49E-0C48-8EF4C96EC109}
	EndGlobalSection
	GlobalSection(ExtensibilityGlobals) = postSolution
		SolutionGuid = {F2BB8FBE-4620-471C-8F55-78B444EDC26B}
	EndGlobalSection
EndGlobal
